
Microsoft Visual Studio Solution File, Format Version 12.00
# Visual Studio Version 17
VisualStudioVersion = 17.8.34330.188
MinimumVisualStudioVersion = 10.0.40219.1
Project("{FAE04EC0-301F-11D3-BF4B-00C04F79EFBC}") = "ToDoConsole", "ToDoConsole.csproj", "{5F8831DF-D7D2-40A6-99B2-F35F379D40A4}"
EndProject
Global
	GlobalSection(SolutionConfigurationPlatforms) = preSolution
		Debug|Any CPU = Debug|Any CPU
		Release|Any CPU = Release|Any CPU
	EndGlobalSection
	GlobalSection(ProjectConfigurationPlatforms) = postSolution
		{5F8831DF-D7D2-40A6-99B2-F35F379D40A4}.Debug|Any CPU.ActiveCfg = Debug|Any CPU
		{5F8831DF-D7D2-40A6-99B2-F35F379D40A4}.Debug|Any CPU.Build.0 = Debug|Any CPU
		{5F8831DF-D7D2-40A6-99B2-F35F379D40A4}.Release|Any CPU.ActiveCfg = Release|Any CPU
		{5F8831DF-D7D2-40A6-99B2-F35F379D40A4}.Release|Any CPU.Build.0 = Release|Any CPU
	EndGlobalSection
	GlobalSection(SolutionProperties) = preSolution
		HideSolutionNode = FALSE
	EndGlobalSection
	GlobalSection(ExtensibilityGlobals) = postSolution
		SolutionGuid = {131F9AE3-B29B-42D3-A970-F390B493137D}
	EndGlobalSection
EndGlobal
